
Microsoft Visual Studio Solution File, Format Version 12.00
# Visual Studio Version 17
VisualStudioVersion = 17.7.34221.43
MinimumVisualStudioVersion = 10.0.40219.1
Project("{FAE04EC0-301F-11D3-BF4B-00C04F79EFBC}") = "Blog.API", "Blog.API\Blog.API.csproj", "{B9B3C24F-2347-4D79-AA33-605C5A1B2A77}"
EndProject
Project("{FAE04EC0-301F-11D3-BF4B-00C04F79EFBC}") = "Blog.App", "Blog.App\Blog.App.csproj", "{CBBDE944-61FB-42E1-820C-49B90EB488DE}"
EndProject
Global
	GlobalSection(SolutionConfigurationPlatforms) = preSolution
		Debug|Any CPU = Debug|Any CPU
		Release|Any CPU = Release|Any CPU
	EndGlobalSection
	GlobalSection(ProjectConfigurationPlatforms) = postSolution
		{B9B3C24F-2347-4D79-AA33-605C5A1B2A77}.Debug|Any CPU.ActiveCfg = Debug|Any CPU
		{B9B3C24F-2347-4D79-AA33-605C5A1B2A77}.Debug|Any CPU.Build.0 = Debug|Any CPU
		{B9B3C24F-2347-4D79-AA33-605C5A1B2A77}.Release|Any CPU.ActiveCfg = Release|Any CPU
		{B9B3C24F-2347-4D79-AA33-605C5A1B2A77}.Release|Any CPU.Build.0 = Release|Any CPU
		{CBBDE944-61FB-42E1-820C-49B90EB488DE}.Debug|Any CPU.ActiveCfg = Debug|Any CPU
		{CBBDE944-61FB-42E1-820C-49B90EB488DE}.Debug|Any CPU.Build.0 = Debug|Any CPU
		{CBBDE944-61FB-42E1-820C-49B90EB488DE}.Release|Any CPU.ActiveCfg = Release|Any CPU
		{CBBDE944-61FB-42E1-820C-49B90EB488DE}.Release|Any CPU.Build.0 = Release|Any CPU
	EndGlobalSection
	GlobalSection(SolutionProperties) = preSolution
		HideSolutionNode = FALSE
	EndGlobalSection
	GlobalSection(ExtensibilityGlobals) = postSolution
		SolutionGuid = {3F90A534-CE18-4546-AA04-F61F4389BF09}
	EndGlobalSection
EndGlobal
